
Microsoft Visual Studio Solution File, Format Version 12.00
# Visual Studio Version 17
VisualStudioVersion = 17.9.34728.123
MinimumVisualStudioVersion = 10.0.40219.1
Project("{9A19103F-16F7-4668-BE54-9A1E7A4F7556}") = "task1", "task1\task1.csproj", "{397CEC1A-F1E1-41F5-94EE-606818590BC5}"
EndProject
Project("{FAE04EC0-301F-11D3-BF4B-00C04F79EFBC}") = "task2", "task2\task2.csproj", "{5372E8E8-BDB6-4BE6-BF8A-4534EE5C6730}"
EndProject
Global
	GlobalSection(SolutionConfigurationPlatforms) = preSolution
		Debug|Any CPU = Debug|Any CPU
		Release|Any CPU = Release|Any CPU
	EndGlobalSection
	GlobalSection(ProjectConfigurationPlatforms) = postSolution
		{397CEC1A-F1E1-41F5-94EE-606818590BC5}.Debug|Any CPU.ActiveCfg = Debug|Any CPU
		{397CEC1A-F1E1-41F5-94EE-606818590BC5}.Debug|Any CPU.Build.0 = Debug|Any CPU
		{397CEC1A-F1E1-41F5-94EE-606818590BC5}.Release|Any CPU.ActiveCfg = Release|Any CPU
		{397CEC1A-F1E1-41F5-94EE-606818590BC5}.Release|Any CPU.Build.0 = Release|Any CPU
		{5372E8E8-BDB6-4BE6-BF8A-4534EE5C6730}.Debug|Any CPU.ActiveCfg = Debug|Any CPU
		{5372E8E8-BDB6-4BE6-BF8A-4534EE5C6730}.Debug|Any CPU.Build.0 = Debug|Any CPU
		{5372E8E8-BDB6-4BE6-BF8A-4534EE5C6730}.Release|Any CPU.ActiveCfg = Release|Any CPU
		{5372E8E8-BDB6-4BE6-BF8A-4534EE5C6730}.Release|Any CPU.Build.0 = Release|Any CPU
	EndGlobalSection
	GlobalSection(SolutionProperties) = preSolution
		HideSolutionNode = FALSE
	EndGlobalSection
	GlobalSection(ExtensibilityGlobals) = postSolution
		SolutionGuid = {066B7907-DCDD-40AB-A5AD-6F727AC03409}
	EndGlobalSection
EndGlobal
